Microsoft Visual Studio Solution File, Format Version 12.00
# Visual Studio Version 17
VisualStudioVersion = 17.5.2.0
MinimumVisualStudioVersion = 10.0.40219.1
Project("{FAE04EC0-301F-11D3-BF4B-00C04F79EFBC}") = "Abientacao", "Abientacao.csproj", "{06D054EB-3462-DEE1-9683-6451F75F94BF}"
EndProject
Global
	GlobalSection(SolutionConfigurationPlatforms) = preSolution
		Debug|Any CPU = Debug|Any CPU
		Release|Any CPU = Release|Any CPU
	EndGlobalSection
	GlobalSection(ProjectConfigurationPlatforms) = postSolution
		{06D054EB-3462-DEE1-9683-6451F75F94BF}.Debug|Any CPU.ActiveCfg = Debug|Any CPU
		{06D054EB-3462-DEE1-9683-6451F75F94BF}.Debug|Any CPU.Build.0 = Debug|Any CPU
		{06D054EB-3462-DEE1-9683-6451F75F94BF}.Release|Any CPU.ActiveCfg = Release|Any CPU
		{06D054EB-3462-DEE1-9683-6451F75F94BF}.Release|Any CPU.Build.0 = Release|Any CPU
	EndGlobalSection
	GlobalSection(SolutionProperties) = preSolution
		HideSolutionNode = FALSE
	EndGlobalSection
	GlobalSection(ExtensibilityGlobals) = postSolution
		SolutionGuid = {B10A9828-9CFE-496D-ACB5-B9C7C4F18D28}
	EndGlobalSection
EndGlobal
